
Microsoft Visual Studio Solution File, Format Version 12.00
# Visual Studio Version 17
VisualStudioVersion = 17.7.34003.232
MinimumVisualStudioVersion = 10.0.40219.1
Project("{FAE04EC0-301F-11D3-BF4B-00C04F79EFBC}") = "SRMS.API", "SRMS.API\SRMS.API.csproj", "{983FA8BA-7146-4771-AB33-4B30F5392715}"
EndProject
Project("{FAE04EC0-301F-11D3-BF4B-00C04F79EFBC}") = "SRMS.Shared", "SRMS.Shared\SRMS.Shared.csproj", "{81D8DF6B-1BD5-40ED-B46A-D5A89E388D05}"
EndProject
Global
	GlobalSection(SolutionConfigurationPlatforms) = preSolution
		Debug|Any CPU = Debug|Any CPU
		Release|Any CPU = Release|Any CPU
	EndGlobalSection
	GlobalSection(ProjectConfigurationPlatforms) = postSolution
		{983FA8BA-7146-4771-AB33-4B30F5392715}.Debug|Any CPU.ActiveCfg = Debug|Any CPU
		{983FA8BA-7146-4771-AB33-4B30F5392715}.Debug|Any CPU.Build.0 = Debug|Any CPU
		{983FA8BA-7146-4771-AB33-4B30F5392715}.Release|Any CPU.ActiveCfg = Release|Any CPU
		{983FA8BA-7146-4771-AB33-4B30F5392715}.Release|Any CPU.Build.0 = Release|Any CPU
		{81D8DF6B-1BD5-40ED-B46A-D5A89E388D05}.Debug|Any CPU.ActiveCfg = Debug|Any CPU
		{81D8DF6B-1BD5-40ED-B46A-D5A89E388D05}.Debug|Any CPU.Build.0 = Debug|Any CPU
		{81D8DF6B-1BD5-40ED-B46A-D5A89E388D05}.Release|Any CPU.ActiveCfg = Release|Any CPU
		{81D8DF6B-1BD5-40ED-B46A-D5A89E388D05}.Release|Any CPU.Build.0 = Release|Any CPU
	EndGlobalSection
	GlobalSection(SolutionProperties) = preSolution
		HideSolutionNode = FALSE
	EndGlobalSection
	GlobalSection(ExtensibilityGlobals) = postSolution
		SolutionGuid = {C1B62F99-6696-466B-B0B7-B3D17F44648C}
	EndGlobalSection
EndGlobal
